
Microsoft Visual Studio Solution File, Format Version 12.00
# Visual Studio Version 16
VisualStudioVersion = 16.0.32630.194
MinimumVisualStudioVersion = 10.0.40219.1
Project("{FAE04EC0-301F-11D3-BF4B-00C04F79EFBC}") = "mvc", "mvc\mvc.csproj", "{A51D8035-882A-4DC3-8D9E-B5E90198D003}"
EndProject
Global
	GlobalSection(SolutionConfigurationPlatforms) = preSolution
		Debug|Any CPU = Debug|Any CPU
		Release|Any CPU = Release|Any CPU
	EndGlobalSection
	GlobalSection(ProjectConfigurationPlatforms) = postSolution
		{A51D8035-882A-4DC3-8D9E-B5E90198D003}.Debug|Any CPU.ActiveCfg = Debug|Any CPU
		{A51D8035-882A-4DC3-8D9E-B5E90198D003}.Debug|Any CPU.Build.0 = Debug|Any CPU
		{A51D8035-882A-4DC3-8D9E-B5E90198D003}.Release|Any CPU.ActiveCfg = Release|Any CPU
		{A51D8035-882A-4DC3-8D9E-B5E90198D003}.Release|Any CPU.Build.0 = Release|Any CPU
	EndGlobalSection
	GlobalSection(SolutionProperties) = preSolution
		HideSolutionNode = FALSE
	EndGlobalSection
	GlobalSection(ExtensibilityGlobals) = postSolution
		SolutionGuid = {44D3F4AD-404E-489C-ADAA-4C12ECB001A0}
	EndGlobalSection
EndGlobal
